
Microsoft Visual Studio Solution File, Format Version 12.00
# Visual Studio 15
VisualStudioVersion = 15.0.26124.0
MinimumVisualStudioVersion = 15.0.26124.0
Project("{FAE04EC0-301F-11D3-BF4B-00C04F79EFBC}") = "TechTalksModel", "TechTalksModel\TechTalksModel.csproj", "{789DC5ED-FB8D-43E1-8271-F8A2F55A4C60}"
EndProject
Project("{FAE04EC0-301F-11D3-BF4B-00C04F79EFBC}") = "TechTalksMQConsumer", "TechTalksMQConsumer\TechTalksMQConsumer.csproj", "{A3B58ABF-6884-4EAD-B565-61518219971C}"
EndProject
Project("{FAE04EC0-301F-11D3-BF4B-00C04F79EFBC}") = "TechTalksMQProducer", "TechTalksMQProducer\TechTalksMQProducer.csproj", "{ABE0B3CA-523A-41EE-91EF-A0A9AE920625}"
EndProject
Global
	GlobalSection(SolutionConfigurationPlatforms) = preSolution
		Debug|Any CPU = Debug|Any CPU
		Debug|x64 = Debug|x64
		Debug|x86 = Debug|x86
		Release|Any CPU = Release|Any CPU
		Release|x64 = Release|x64
		Release|x86 = Release|x86
	EndGlobalSection
	GlobalSection(SolutionProperties) = preSolution
		HideSolutionNode = FALSE
	EndGlobalSection
	GlobalSection(ProjectConfigurationPlatforms) = postSolution
		{789DC5ED-FB8D-43E1-8271-F8A2F55A4C60}.Debug|Any CPU.ActiveCfg = Debug|Any CPU
		{789DC5ED-FB8D-43E1-8271-F8A2F55A4C60}.Debug|Any CPU.Build.0 = Debug|Any CPU
		{789DC5ED-FB8D-43E1-8271-F8A2F55A4C60}.Debug|x64.ActiveCfg = Debug|Any CPU
		{789DC5ED-FB8D-43E1-8271-F8A2F55A4C60}.Debug|x64.Build.0 = Debug|Any CPU
		{789DC5ED-FB8D-43E1-8271-F8A2F55A4C60}.Debug|x86.ActiveCfg = Debug|Any CPU
		{789DC5ED-FB8D-43E1-8271-F8A2F55A4C60}.Debug|x86.Build.0 = Debug|Any CPU
		{789DC5ED-FB8D-43E1-8271-F8A2F55A4C60}.Release|Any CPU.ActiveCfg = Release|Any CPU
		{789DC5ED-FB8D-43E1-8271-F8A2F55A4C60}.Release|Any CPU.Build.0 = Release|Any CPU
		{789DC5ED-FB8D-43E1-8271-F8A2F55A4C60}.Release|x64.ActiveCfg = Release|Any CPU
		{789DC5ED-FB8D-43E1-8271-F8A2F55A4C60}.Release|x64.Build.0 = Release|Any CPU
		{789DC5ED-FB8D-43E1-8271-F8A2F55A4C60}.Release|x86.ActiveCfg = Release|Any CPU
		{789DC5ED-FB8D-43E1-8271-F8A2F55A4C60}.Release|x86.Build.0 = Release|Any CPU
		{A3B58ABF-6884-4EAD-B565-61518219971C}.Debug|Any CPU.ActiveCfg = Debug|Any CPU
		{A3B58ABF-6884-4EAD-B565-61518219971C}.Debug|Any CPU.Build.0 = Debug|Any CPU
		{A3B58ABF-6884-4EAD-B565-61518219971C}.Debug|x64.ActiveCfg = Debug|Any CPU
		{A3B58ABF-6884-4EAD-B565-61518219971C}.Debug|x64.Build.0 = Debug|Any CPU
		{A3B58ABF-6884-4EAD-B565-61518219971C}.Debug|x86.ActiveCfg = Debug|Any CPU
		{A3B58ABF-6884-4EAD-B565-61518219971C}.Debug|x86.Build.0 = Debug|Any CPU
		{A3B58ABF-6884-4EAD-B565-61518219971C}.Release|Any CPU.ActiveCfg = Release|Any CPU
		{A3B58ABF-6884-4EAD-B565-61518219971C}.Release|Any CPU.Build.0 = Release|Any CPU
		{A3B58ABF-6884-4EAD-B565-61518219971C}.Release|x64.ActiveCfg = Release|Any CPU
		{A3B58ABF-6884-4EAD-B565-61518219971C}.Release|x64.Build.0 = Release|Any CPU
		{A3B58ABF-6884-4EAD-B565-61518219971C}.Release|x86.ActiveCfg = Release|Any CPU
		{A3B58ABF-6884-4EAD-B565-61518219971C}.Release|x86.Build.0 = Release|Any CPU
		{ABE0B3CA-523A-41EE-91EF-A0A9AE920625}.Debug|Any CPU.ActiveCfg = Debug|Any CPU
		{ABE0B3CA-523A-41EE-91EF-A0A9AE920625}.Debug|Any CPU.Build.0 = Debug|Any CPU
		{ABE0B3CA-523A-41EE-91EF-A0A9AE920625}.Debug|x64.ActiveCfg = Debug|Any CPU
		{ABE0B3CA-523A-41EE-91EF-A0A9AE920625}.Debug|x64.Build.0 = Debug|Any CPU
		{ABE0B3CA-523A-41EE-91EF-A0A9AE920625}.Debug|x86.ActiveCfg = Debug|Any CPU
		{ABE0B3CA-523A-41EE-91EF-A0A9AE920625}.Debug|x86.Build.0 = Debug|Any CPU
		{ABE0B3CA-523A-41EE-91EF-A0A9AE920625}.Release|Any CPU.ActiveCfg = Release|Any CPU
		{ABE0B3CA-523A-41EE-91EF-A0A9AE920625}.Release|Any CPU.Build.0 = Release|Any CPU
		{ABE0B3CA-523A-41EE-91EF-A0A9AE920625}.Release|x64.ActiveCfg = Release|Any CPU
		{ABE0B3CA-523A-41EE-91EF-A0A9AE920625}.Release|x64.Build.0 = Release|Any CPU
		{ABE0B3CA-523A-41EE-91EF-A0A9AE920625}.Release|x86.ActiveCfg = Release|Any CPU
		{ABE0B3CA-523A-41EE-91EF-A0A9AE920625}.Release|x86.Build.0 = Release|Any CPU
	EndGlobalSection
EndGlobal
